// !$*UTF8*$!
{
	archiveVersion = 1;
	classes = {
	};
	objectVersion = 48;
	objects = {

/* Begin PBXBuildFile section */
		5BE2866AEAF26899C6E9DB76 /* Pods_OCR.framework in Frameworks */ = {isa = PBXBuildFile; fileRef = 6D7857BD31E31CDCA4273658 /* Pods_OCR.framework */; };
		890F0284204BBE4B0001CC7B /* info_ic@3x.png in Resources */ = {isa = PBXBuildFile; fileRef = 890F0283204BBE4B0001CC7B /* info_ic@3x.png */; };
		893C4B9C208BB2F00042FF3B /* TextContent.swift in Sources */ = {isa = PBXBuildFile; fileRef = 893C4B9B208BB2F00042FF3B /* TextContent.swift */; };
		893C4B9F208BBBFF0042FF3B /* ContentViewController.swift in Sources */ = {isa = PBXBuildFile; fileRef = 893C4B9D208BBBFF0042FF3B /* ContentViewController.swift */; };
		893C4BA0208BBBFF0042FF3B /* ContentViewController.xib in Resources */ = {isa = PBXBuildFile; fileRef = 893C4B9E208BBBFF0042FF3B /* ContentViewController.xib */; };
		897DFEF22077E0C600B4BA39 /* CropViewController.swift in Sources */ = {isa = PBXBuildFile; fileRef = 897DFEEC2077E0C500B4BA39 /* CropViewController.swift */; };
		897DFEF32077E0C600B4BA39 /* ResizeControl.swift in Sources */ = {isa = PBXBuildFile; fileRef = 897DFEED2077E0C500B4BA39 /* ResizeControl.swift */; };
		897DFEF42077E0C600B4BA39 /* CropRectView.swift in Sources */ = {isa = PBXBuildFile; fileRef = 897DFEEF2077E0C500B4BA39 /* CropRectView.swift */; };
		897DFEF52077E0C600B4BA39 /* CropView.swift in Sources */ = {isa = PBXBuildFile; fileRef = 897DFEF02077E0C500B4BA39 /* CropView.swift */; };
		897DFEF62077E0C600B4BA39 /* UIImage+Crop.swift in Sources */ = {isa = PBXBuildFile; fileRef = 897DFEF12077E0C600B4BA39 /* UIImage+Crop.swift */; };
		8996F200208B96800011A4B5 /* Realm.framework in Frameworks */ = {isa = PBXBuildFile; fileRef = 8996F1FE208B967E0011A4B5 /* Realm.framework */; };
		8996F201208B96800011A4B5 /* Realm.framework in Embed Frameworks */ = {isa = PBXBuildFile; fileRef = 8996F1FE208B967E0011A4B5 /* Realm.framework */; settings = {ATTRIBUTES = (CodeSignOnCopy, RemoveHeadersOnCopy, ); }; };
		8996F202208B96800011A4B5 /* RealmSwift.framework in Frameworks */ = {isa = PBXBuildFile; fileRef = 8996F1FF208B967F0011A4B5 /* RealmSwift.framework */; };
		8996F203208B96800011A4B5 /* RealmSwift.framework in Embed Frameworks */ = {isa = PBXBuildFile; fileRef = 8996F1FF208B967F0011A4B5 /* RealmSwift.framework */; settings = {ATTRIBUTES = (CodeSignOnCopy, RemoveHeadersOnCopy, ); }; };
		8996F205208B96AD0011A4B5 /* Realm.framework in Resources */ = {isa = PBXBuildFile; fileRef = 8996F1FE208B967E0011A4B5 /* Realm.framework */; };
		8996F206208B96AD0011A4B5 /* RealmSwift.framework in Resources */ = {isa = PBXBuildFile; fileRef = 8996F1FF208B967F0011A4B5 /* RealmSwift.framework */; };
		8996F207208B96C00011A4B5 /* Realm.framework in Sources */ = {isa = PBXBuildFile; fileRef = 8996F1FE208B967E0011A4B5 /* Realm.framework */; };
		8996F208208B96C00011A4B5 /* RealmSwift.framework in Sources */ = {isa = PBXBuildFile; fileRef = 8996F1FF208B967F0011A4B5 /* RealmSwift.framework */; };
		8996F20B208B99A50011A4B5 /* TextTableViewCell.swift in Sources */ = {isa = PBXBuildFile; fileRef = 8996F209208B99A50011A4B5 /* TextTableViewCell.swift */; };
		8996F20C208B99A50011A4B5 /* TextTableViewCell.xib in Resources */ = {isa = PBXBuildFile; fileRef = 8996F20A208B99A50011A4B5 /* TextTableViewCell.xib */; };
		8996F20F208B9ED40011A4B5 /* DBManagaer.swift in Sources */ = {isa = PBXBuildFile; fileRef = 8996F20E208B9ED40011A4B5 /* DBManagaer.swift */; };
		89CEF5EA2046ED25000C1C4E /* AppDelegate.swift in Sources */ = {isa = PBXBuildFile; fileRef = 89CEF5E92046ED25000C1C4E /* AppDelegate.swift */; };
		89CEF5EC2046ED25000C1C4E /* ViewController.swift in Sources */ = {isa = PBXBuildFile; fileRef = 89CEF5EB2046ED25000C1C4E /* ViewController.swift */; };
		89CEF5EF2046ED25000C1C4E /* Main.storyboard in Resources */ = {isa = PBXBuildFile; fileRef = 89CEF5ED2046ED25000C1C4E /* Main.storyboard */; };
		89CEF5F12046ED25000C1C4E /* Assets.xcassets in Resources */ = {isa = PBXBuildFile; fileRef = 89CEF5F02046ED25000C1C4E /* Assets.xcassets */; };
		89CEF5F42046ED25000C1C4E /* LaunchScreen.storyboard in Resources */ = {isa = PBXBuildFile; fileRef = 89CEF5F22046ED25000C1C4E /* LaunchScreen.storyboard */; };
		89CEF5FF2046ED25000C1C4E /* OCRTests.swift in Sources */ = {isa = PBXBuildFile; fileRef = 89CEF5FE2046ED25000C1C4E /* OCRTests.swift */; };
		89CEF60A2046ED25000C1C4E /* OCRUITests.swift in Sources */ = {isa = PBXBuildFile; fileRef = 89CEF6092046ED25000C1C4E /* OCRUITests.swift */; };
		89CEF6192046ED9F000C1C4E /* OCRViewController.swift in Sources */ = {isa = PBXBuildFile; fileRef = 89CEF6172046ED9F000C1C4E /* OCRViewController.swift */; };
		89CEF61A2046ED9F000C1C4E /* OCRViewController.xib in Resources */ = {isa = PBXBuildFile; fileRef = 89CEF6182046ED9F000C1C4E /* OCRViewController.xib */; };
		89CEF61C2046F6C5000C1C4E /* Extentions.swift in Sources */ = {isa = PBXBuildFile; fileRef = 89CEF61B2046F6C5000C1C4E /* Extentions.swift */; };
		89CEF61E2046F7D5000C1C4E /* ReadMe.rtf in Resources */ = {isa = PBXBuildFile; fileRef = 89CEF61D2046F7D5000C1C4E /* ReadMe.rtf */; };
		89CEF62120471892000C1C4E /* tessdata in Resources */ = {isa = PBXBuildFile; fileRef = 89CEF62020471891000C1C4E /* tessdata */; };
		89CEF62320471932000C1C4E /* libstdc++.tbd in Frameworks */ = {isa = PBXBuildFile; fileRef = 89CEF62220471932000C1C4E /* libstdc++.tbd */; };
		89CEF62520471943000C1C4E /* CoreImage.framework in Frameworks */ = {isa = PBXBuildFile; fileRef = 89CEF62420471943000C1C4E /* CoreImage.framework */; };
		89CEF6262047195A000C1C4E /* TesseractOCR.framework in Frameworks */ = {isa = PBXBuildFile; fileRef = 89CEF6272047195A000C1C4E /* TesseractOCR.framework */; };
/* End PBXBuildFile section */

/* Begin PBXContainerItemProxy section */
		89CEF5FB2046ED25000C1C4E /* PBXContainerItemProxy */ = {
			isa = PBXContainerItemProxy;
			containerPortal = 89CEF5DE2046ED25000C1C4E /* Project object */;
			proxyType = 1;
			remoteGlobalIDString = 89CEF5E52046ED25000C1C4E;
			remoteInfo = OCR;
		};
		89CEF6062046ED25000C1C4E /* PBXContainerItemProxy */ = {
			isa = PBXContainerItemProxy;
			containerPortal = 89CEF5DE2046ED25000C1C4E /* Project object */;
			proxyType = 1;
			remoteGlobalIDString = 89CEF5E52046ED25000C1C4E;
			remoteInfo = OCR;
		};
/* End PBXContainerItemProxy section */

/* Begin PBXCopyFilesBuildPhase section */
		8996F204208B96800011A4B5 /* Embed Frameworks */ = {
			isa = PBXCopyFilesBuildPhase;
			buildActionMask = 2147483647;
			dstPath = "";
			dstSubfolderSpec = 10;
			files = (
				8996F203208B96800011A4B5 /* RealmSwift.framework in Embed Frameworks */,
				8996F201208B96800011A4B5 /* Realm.framework in Embed Frameworks */,
			);
			name = "Embed Frameworks";
			runOnlyForDeploymentPostprocessing = 0;
		};
/* End PBXCopyFilesBuildPhase section */

/* Begin PBXFileReference section */
		3BE60910FA7CC12DCF40C676 /* Pods-OCR.release.xcconfig */ = {isa = PBXFileReference; includeInIndex = 1; lastKnownFileType = text.xcconfig; name = "Pods-OCR.release.xcconfig"; path = "Pods/Target Support Files/Pods-OCR/Pods-OCR.release.xcconfig"; sourceTree = "<group>"; };
		58D5A9B08D0C503E688204F5 /* Pods-OCR.debug.xcconfig */ = {isa = PBXFileReference; includeInIndex = 1; lastKnownFileType = text.xcconfig; name = "Pods-OCR.debug.xcconfig"; path = "Pods/Target Support Files/Pods-OCR/Pods-OCR.debug.xcconfig"; sourceTree = "<group>"; };
		6D7857BD31E31CDCA4273658 /* Pods_OCR.framework */ = {isa = PBXFileReference; explicitFileType = wrapper.framework; includeInIndex = 0; path = Pods_OCR.framework; sourceTree = BUILT_PRODUCTS_DIR; };
		890F0283204BBE4B0001CC7B /* info_ic@3x.png */ = {isa = PBXFileReference; lastKnownFileType = image.png; path = "info_ic@3x.png"; sourceTree = "<group>"; };
		893C4B9B208BB2F00042FF3B /* TextContent.swift */ = {isa = PBXFileReference; lastKnownFileType = sourcecode.swift; path = TextContent.swift; sourceTree = "<group>"; };
		893C4B9D208BBBFF0042FF3B /* ContentViewController.swift */ = {isa = PBXFileReference; lastKnownFileType = sourcecode.swift; path = ContentViewController.swift; sourceTree = "<group>"; };
		893C4B9E208BBBFF0042FF3B /* ContentViewController.xib */ = {isa = PBXFileReference; lastKnownFileType = file.xib; path = ContentViewController.xib; sourceTree = "<group>"; };
		897DFEEC2077E0C500B4BA39 /* CropViewController.swift */ = {isa = PBXFileReference; fileEncoding = 4; lastKnownFileType = sourcecode.swift; path = CropViewController.swift; sourceTree = "<group>"; };
		897DFEED2077E0C500B4BA39 /* ResizeControl.swift */ = {isa = PBXFileReference; fileEncoding = 4; lastKnownFileType = sourcecode.swift; path = ResizeControl.swift; sourceTree = "<group>"; };
		897DFEEE2077E0C500B4BA39 /* CropViewController.h */ = {isa = PBXFileReference; fileEncoding = 4; lastKnownFileType = sourcecode.c.h; path = CropViewController.h; sourceTree = "<group>"; };
		897DFEEF2077E0C500B4BA39 /* CropRectView.swift */ = {isa = PBXFileReference; fileEncoding = 4; lastKnownFileType = sourcecode.swift; path = CropRectView.swift; sourceTree = "<group>"; };
		897DFEF02077E0C500B4BA39 /* CropView.swift */ = {isa = PBXFileReference; fileEncoding = 4; lastKnownFileType = sourcecode.swift; path = CropView.swift; sourceTree = "<group>"; };
		897DFEF12077E0C600B4BA39 /* UIImage+Crop.swift */ = {isa = PBXFileReference; fileEncoding = 4; lastKnownFileType = sourcecode.swift; path = "UIImage+Crop.swift"; sourceTree = "<group>"; };
		8996F1FE208B967E0011A4B5 /* Realm.framework */ = {isa = PBXFileReference; lastKnownFileType = wrapper.framework; path = Realm.framework; sourceTree = "<group>"; };
		8996F1FF208B967F0011A4B5 /* RealmSwift.framework */ = {isa = PBXFileReference; lastKnownFileType = wrapper.framework; path = RealmSwift.framework; sourceTree = "<group>"; };
		8996F209208B99A50011A4B5 /* TextTableViewCell.swift */ = {isa = PBXFileReference; lastKnownFileType = sourcecode.swift; path = TextTableViewCell.swift; sourceTree = "<group>"; };
		8996F20A208B99A50011A4B5 /* TextTableViewCell.xib */ = {isa = PBXFileReference; lastKnownFileType = file.xib; path = TextTableViewCell.xib; sourceTree = "<group>"; };
		8996F20E208B9ED40011A4B5 /* DBManagaer.swift */ = {isa = PBXFileReference; lastKnownFileType = sourcecode.swift; path = DBManagaer.swift; sourceTree = "<group>"; };
		89CEF5E62046ED25000C1C4E /* OCR.app */ = {isa = PBXFileReference; explicitFileType = wrapper.application; includeInIndex = 0; path = OCR.app; sourceTree = BUILT_PRODUCTS_DIR; };
		89CEF5E92046ED25000C1C4E /* AppDelegate.swift */ = {isa = PBXFileReference; lastKnownFileType = sourcecode.swift; path = AppDelegate.swift; sourceTree = "<group>"; };
		89CEF5EB2046ED25000C1C4E /* ViewController.swift */ = {isa = PBXFileReference; lastKnownFileType = sourcecode.swift; path = ViewController.swift; sourceTree = "<group>"; };
		89CEF5EE2046ED25000C1C4E /* Base */ = {isa = PBXFileReference; lastKnownFileType = file.storyboard; name = Base; path = Base.lproj/Main.storyboard; sourceTree = "<group>"; };
		89CEF5F02046ED25000C1C4E /* Assets.xcassets */ = {isa = PBXFileReference; lastKnownFileType = folder.assetcatalog; path = Assets.xcassets; sourceTree = "<group>"; };
		89CEF5F32046ED25000C1C4E /* Base */ = {isa = PBXFileReference; lastKnownFileType = file.storyboard; name = Base; path = Base.lproj/LaunchScreen.storyboard; sourceTree = "<group>"; };
		89CEF5F52046ED25000C1C4E /* Info.plist */ = {isa = PBXFileReference; lastKnownFileType = text.plist.xml; path = Info.plist; sourceTree = "<group>"; };
		89CEF5FA2046ED25000C1C4E /* OCRTests.xctest */ = {isa = PBXFileReference; explicitFileType = wrapper.cfbundle; includeInIndex = 0; path = OCRTests.xctest; sourceTree = BUILT_PRODUCTS_DIR; };
		89CEF5FE2046ED25000C1C4E /* OCRTests.swift */ = {isa = PBXFileReference; lastKnownFileType = sourcecode.swift; path = OCRTests.swift; sourceTree = "<group>"; };
		89CEF6002046ED25000C1C4E /* Info.plist */ = {isa = PBXFileReference; lastKnownFileType = text.plist.xml; path = Info.plist; sourceTree = "<group>"; };
		89CEF6052046ED25000C1C4E /* OCRUITests.xctest */ = {isa = PBXFileReference; explicitFileType = wrapper.cfbundle; includeInIndex = 0; path = OCRUITests.xctest; sourceTree = BUILT_PRODUCTS_DIR; };
		89CEF6092046ED25000C1C4E /* OCRUITests.swift */ = {isa = PBXFileReference; lastKnownFileType = sourcecode.swift; path = OCRUITests.swift; sourceTree = "<group>"; };
		89CEF60B2046ED25000C1C4E /* Info.plist */ = {isa = PBXFileReference; lastKnownFileType = text.plist.xml; path = Info.plist; sourceTree = "<group>"; };
		89CEF6172046ED9F000C1C4E /* OCRViewController.swift */ = {isa = PBXFileReference; lastKnownFileType = sourcecode.swift; path = OCRViewController.swift; sourceTree = "<group>"; };
		89CEF6182046ED9F000C1C4E /* OCRViewController.xib */ = {isa = PBXFileReference; lastKnownFileType = file.xib; path = OCRViewController.xib; sourceTree = "<group>"; };
		89CEF61B2046F6C5000C1C4E /* Extentions.swift */ = {isa = PBXFileReference; lastKnownFileType = sourcecode.swift; path = Extentions.swift; sourceTree = "<group>"; };
		89CEF61D2046F7D5000C1C4E /* ReadMe.rtf */ = {isa = PBXFileReference; lastKnownFileType = text.rtf; path = ReadMe.rtf; sourceTree = "<group>"; };
		89CEF62020471891000C1C4E /* tessdata */ = {isa = PBXFileReference; lastKnownFileType = folder; path = tessdata; sourceTree = "<group>"; };
		89CEF62220471932000C1C4E /* libstdc++.tbd */ = {isa = PBXFileReference; lastKnownFileType = "sourcecode.text-based-dylib-definition"; name = "libstdc++.tbd"; path = "usr/lib/libstdc++.tbd"; sourceTree = SDKROOT; };
		89CEF62420471943000C1C4E /* CoreImage.framework */ = {isa = PBXFileReference; lastKnownFileType = wrapper.framework; name = CoreImage.framework; path = System/Library/Frameworks/CoreImage.framework; sourceTree = SDKROOT; };
		89CEF6272047195A000C1C4E /* TesseractOCR.framework */ = {isa = PBXFileReference; explicitFileType = wrapper.framework; path = TesseractOCR.framework; sourceTree = BUILT_PRODUCTS_DIR; };
/* End PBXFileReference section */

/* Begin PBXFrameworksBuildPhase section */
		89CEF5E32046ED25000C1C4E /* Frameworks */ = {
			isa = PBXFrameworksBuildPhase;
			buildActionMask = 2147483647;
			files = (
				89CEF6262047195A000C1C4E /* TesseractOCR.framework in Frameworks */,
				89CEF62520471943000C1C4E /* CoreImage.framework in Frameworks */,
				8996F202208B96800011A4B5 /* RealmSwift.framework in Frameworks */,
				89CEF62320471932000C1C4E /* libstdc++.tbd in Frameworks */,
				5BE2866AEAF26899C6E9DB76 /* Pods_OCR.framework in Frameworks */,
				8996F200208B96800011A4B5 /* Realm.framework in Frameworks */,
			);
			runOnlyForDeploymentPostprocessing = 0;
		};
		89CEF5F72046ED25000C1C4E /* Frameworks */ = {
			isa = PBXFrameworksBuildPhase;
			buildActionMask = 2147483647;
			files = (
			);
			runOnlyForDeploymentPostprocessing = 0;
		};
		89CEF6022046ED25000C1C4E /* Frameworks */ = {
			isa = PBXFrameworksBuildPhase;
			buildActionMask = 2147483647;
			files = (
			);
			runOnlyForDeploymentPostprocessing = 0;
		};
/* End PBXFrameworksBuildPhase section */

/* Begin PBXGroup section */
		0BE98F3DCEDC277D46898652 /* Pods */ = {
			isa = PBXGroup;
			children = (
				58D5A9B08D0C503E688204F5 /* Pods-OCR.debug.xcconfig */,
				3BE60910FA7CC12DCF40C676 /* Pods-OCR.release.xcconfig */,
			);
			name = Pods;
			sourceTree = "<group>";
		};
		890F0282204BBE3E0001CC7B /* Resource */ = {
			isa = PBXGroup;
			children = (
				890F0283204BBE4B0001CC7B /* info_ic@3x.png */,
			);
			path = Resource;
			sourceTree = "<group>";
		};
		897DFEEB2077E0B600B4BA39 /* Crop */ = {
			isa = PBXGroup;
			children = (
				897DFEEF2077E0C500B4BA39 /* CropRectView.swift */,
				897DFEF02077E0C500B4BA39 /* CropView.swift */,
				897DFEEE2077E0C500B4BA39 /* CropViewController.h */,
				897DFEEC2077E0C500B4BA39 /* CropViewController.swift */,
				897DFEED2077E0C500B4BA39 /* ResizeControl.swift */,
				897DFEF12077E0C600B4BA39 /* UIImage+Crop.swift */,
			);
			path = Crop;
			sourceTree = "<group>";
		};
		8996F20D208B9E970011A4B5 /* DB */ = {
			isa = PBXGroup;
			children = (
				8996F20E208B9ED40011A4B5 /* DBManagaer.swift */,
				893C4B9B208BB2F00042FF3B /* TextContent.swift */,
			);
			path = DB;
			sourceTree = "<group>";
		};
		89CEF5DD2046ED25000C1C4E = {
			isa = PBXGroup;
			children = (
				8996F1FE208B967E0011A4B5 /* Realm.framework */,
				8996F1FF208B967F0011A4B5 /* RealmSwift.framework */,
				89CEF5E82046ED25000C1C4E /* OCR */,
				89CEF5FD2046ED25000C1C4E /* OCRTests */,
				89CEF6082046ED25000C1C4E /* OCRUITests */,
				89CEF5E72046ED25000C1C4E /* Products */,
				0BE98F3DCEDC277D46898652 /* Pods */,
				D98CFBC1B98A1CF5996A63D2 /* Frameworks */,
			);
			sourceTree = "<group>";
		};
		89CEF5E72046ED25000C1C4E /* Products */ = {
			isa = PBXGroup;
			children = (
				89CEF5E62046ED25000C1C4E /* OCR.app */,
				89CEF5FA2046ED25000C1C4E /* OCRTests.xctest */,
				89CEF6052046ED25000C1C4E /* OCRUITests.xctest */,
			);
			name = Products;
			sourceTree = "<group>";
		};
		89CEF5E82046ED25000C1C4E /* OCR */ = {
			isa = PBXGroup;
			children = (
				8996F20D208B9E970011A4B5 /* DB */,
				897DFEEB2077E0B600B4BA39 /* Crop */,
				890F0282204BBE3E0001CC7B /* Resource */,
				89CEF61F20471862000C1C4E /* Supporting Files */,
				89CEF5E92046ED25000C1C4E /* AppDelegate.swift */,
				89CEF5EB2046ED25000C1C4E /* ViewController.swift */,
				89CEF5ED2046ED25000C1C4E /* Main.storyboard */,
				89CEF5F02046ED25000C1C4E /* Assets.xcassets */,
				89CEF5F22046ED25000C1C4E /* LaunchScreen.storyboard */,
				89CEF5F52046ED25000C1C4E /* Info.plist */,
				89CEF6172046ED9F000C1C4E /* OCRViewController.swift */,
				89CEF6182046ED9F000C1C4E /* OCRViewController.xib */,
				89CEF61B2046F6C5000C1C4E /* Extentions.swift */,
				89CEF61D2046F7D5000C1C4E /* ReadMe.rtf */,
				8996F209208B99A50011A4B5 /* TextTableViewCell.swift */,
				8996F20A208B99A50011A4B5 /* TextTableViewCell.xib */,
				893C4B9D208BBBFF0042FF3B /* ContentViewController.swift */,
				893C4B9E208BBBFF0042FF3B /* ContentViewController.xib */,
			);
			path = OCR;
			sourceTree = "<group>";
		};
		89CEF5FD2046ED25000C1C4E /* OCRTests */ = {
			isa = PBXGroup;
			children = (
				89CEF5FE2046ED25000C1C4E /* OCRTests.swift */,
				89CEF6002046ED25000C1C4E /* Info.plist */,
			);
			path = OCRTests;
			sourceTree = "<group>";
		};
		89CEF6082046ED25000C1C4E /* OCRUITests */ = {
			isa = PBXGroup;
			children = (
				89CEF6092046ED25000C1C4E /* OCRUITests.swift */,
				89CEF60B2046ED25000C1C4E /* Info.plist */,
			);
			path = OCRUITests;
			sourceTree = "<group>";
		};
		89CEF61F20471862000C1C4E /* Supporting Files */ = {
			isa = PBXGroup;
			children = (
				89CEF62020471891000C1C4E /* tessdata */,
			);
			path = "Supporting Files";
			sourceTree = "<group>";
		};
		D98CFBC1B98A1CF5996A63D2 /* Frameworks */ = {
			isa = PBXGroup;
			children = (
				89CEF6272047195A000C1C4E /* TesseractOCR.framework */,
				89CEF62420471943000C1C4E /* CoreImage.framework */,
				89CEF62220471932000C1C4E /* libstdc++.tbd */,
				6D7857BD31E31CDCA4273658 /* Pods_OCR.framework */,
			);
			name = Frameworks;
			sourceTree = "<group>";
		};
/* End PBXGroup section */

/* Begin PBXNativeTarget section */
		89CEF5E52046ED25000C1C4E /* OCR */ = {
			isa = PBXNativeTarget;
			buildConfigurationList = 89CEF60E2046ED25000C1C4E /* Build configuration list for PBXNativeTarget "OCR" */;
			buildPhases = (
				7205274E53EB700F17034E8F /* [CP] Check Pods Manifest.lock */,
				89CEF5E22046ED25000C1C4E /* Sources */,
				89CEF5E32046ED25000C1C4E /* Frameworks */,
				89CEF5E42046ED25000C1C4E /* Resources */,
				BAAE811C708090531F3902BE /* [CP] Embed Pods Frameworks */,
				CC8C1A190EE0106F3F0866C0 /* [CP] Copy Pods Resources */,
				8996F204208B96800011A4B5 /* Embed Frameworks */,
			);
			buildRules = (
			);
			dependencies = (
			);
			name = OCR;
			productName = OCR;
			productReference = 89CEF5E62046ED25000C1C4E /* OCR.app */;
			productType = "com.apple.product-type.application";
		};
		89CEF5F92046ED25000C1C4E /* OCRTests */ = {
			isa = PBXNativeTarget;
			buildConfigurationList = 89CEF6112046ED25000C1C4E /* Build configuration list for PBXNativeTarget "OCRTests" */;
			buildPhases = (
				89CEF5F62046ED25000C1C4E /* Sources */,
				89CEF5F72046ED25000C1C4E /* Frameworks */,
				89CEF5F82046ED25000C1C4E /* Resources */,
			);
			buildRules = (
			);
			dependencies = (
				89CEF5FC2046ED25000C1C4E /* PBXTargetDependency */,
			);
			name = OCRTests;
			productName = OCRTests;
			productReference = 89CEF5FA2046ED25000C1C4E /* OCRTests.xctest */;
			productType = "com.apple.product-type.bundle.unit-test";
		};
		89CEF6042046ED25000C1C4E /* OCRUITests */ = {
			isa = PBXNativeTarget;
			buildConfigurationList = 89CEF6142046ED25000C1C4E /* Build configuration list for PBXNativeTarget "OCRUITests" */;
			buildPhases = (
				89CEF6012046ED25000C1C4E /* Sources */,
				89CEF6022046ED25000C1C4E /* Frameworks */,
				89CEF6032046ED25000C1C4E /* Resources */,
			);
			buildRules = (
			);
			dependencies = (
				89CEF6072046ED25000C1C4E /* PBXTargetDependency */,
			);
			name = OCRUITests;
			productName = OCRUITests;
			productReference = 89CEF6052046ED25000C1C4E /* OCRUITests.xctest */;
			productType = "com.apple.product-type.bundle.ui-testing";
		};
/* End PBXNativeTarget section */

/* Begin PBXProject section */
		89CEF5DE2046ED25000C1C4E /* Project object */ = {
			isa = PBXProject;
			attributes = {
				LastSwiftUpdateCheck = 0920;
				LastUpgradeCheck = 0920;
				ORGANIZATIONNAME = "Nazia Afroz";
				TargetAttributes = {
					89CEF5E52046ED25000C1C4E = {
						CreatedOnToolsVersion = 9.2;
						ProvisioningStyle = Automatic;
					};
					89CEF5F92046ED25000C1C4E = {
						CreatedOnToolsVersion = 9.2;
						ProvisioningStyle = Automatic;
						TestTargetID = 89CEF5E52046ED25000C1C4E;
					};
					89CEF6042046ED25000C1C4E = {
						CreatedOnToolsVersion = 9.2;
						ProvisioningStyle = Automatic;
						TestTargetID = 89CEF5E52046ED25000C1C4E;
					};
				};
			};
			buildConfigurationList = 89CEF5E12046ED25000C1C4E /* Build configuration list for PBXProject "OCR" */;
			compatibilityVersion = "Xcode 8.0";
			developmentRegion = en;
			hasScannedForEncodings = 0;
			knownRegions = (
				en,
				Base,
			);
			mainGroup = 89CEF5DD2046ED25000C1C4E;
			productRefGroup = 89CEF5E72046ED25000C1C4E /* Products */;
			projectDirPath = "";
			projectRoot = "";
			targets = (
				89CEF5E52046ED25000C1C4E /* OCR */,
				89CEF5F92046ED25000C1C4E /* OCRTests */,
				89CEF6042046ED25000C1C4E /* OCRUITests */,
			);
		};
/* End PBXProject section */

/* Begin PBXResourcesBuildPhase section */
		89CEF5E42046ED25000C1C4E /* Resources */ = {
			isa = PBXResourcesBuildPhase;
			buildActionMask = 2147483647;
			files = (
				8996F205208B96AD0011A4B5 /* Realm.framework in Resources */,
				8996F206208B96AD0011A4B5 /* RealmSwift.framework in Resources */,
				89CEF5F42046ED25000C1C4E /* LaunchScreen.storyboard in Resources */,
				893C4BA0208BBBFF0042FF3B /* ContentViewController.xib in Resources */,
				890F0284204BBE4B0001CC7B /* info_ic@3x.png in Resources */,
				89CEF61A2046ED9F000C1C4E /* OCRViewController.xib in Resources */,
				89CEF5F12046ED25000C1C4E /* Assets.xcassets in Resources */,
				8996F20C208B99A50011A4B5 /* TextTableViewCell.xib in Resources */,
				89CEF61E2046F7D5000C1C4E /* ReadMe.rtf in Resources */,
				89CEF5EF2046ED25000C1C4E /* Main.storyboard in Resources */,
				89CEF62120471892000C1C4E /* tessdata in Resources */,
			);
			runOnlyForDeploymentPostprocessing = 0;
		};
		89CEF5F82046ED25000C1C4E /* Resources */ = {
			isa = PBXResourcesBuildPhase;
			buildActionMask = 2147483647;
			files = (
			);
			runOnlyForDeploymentPostprocessing = 0;
		};
		89CEF6032046ED25000C1C4E /* Resources */ = {
			isa = PBXResourcesBuildPhase;
			buildActionMask = 2147483647;
			files = (
			);
			runOnlyForDeploymentPostprocessing = 0;
		};
/* End PBXResourcesBuildPhase section */

/* Begin PBXShellScriptBuildPhase section */
		7205274E53EB700F17034E8F /* [CP] Check Pods Manifest.lock */ = {
			isa = PBXShellScriptBuildPhase;
			buildActionMask = 2147483647;
			files = (
			);
			inputPaths = (
				"${PODS_PODFILE_DIR_PATH}/Podfile.lock",
				"${PODS_ROOT}/Manifest.lock",
			);
			name = "[CP] Check Pods Manifest.lock";
			outputPaths = (
				"$(DERIVED_FILE_DIR)/Pods-OCR-checkManifestLockResult.txt",
			);
			runOnlyForDeploymentPostprocessing = 0;
			shellPath = /bin/sh;
			shellScript = "diff \"${PODS_PODFILE_DIR_PATH}/Podfile.lock\" \"${PODS_ROOT}/Manifest.lock\" > /dev/null\nif [ $? != 0 ] ; then\n    # print error to STDERR\n    echo \"error: The sandbox is not in sync with the Podfile.lock. Run 'pod install' or update your CocoaPods installation.\" >&2\n    exit 1\nfi\n# This output is used by Xcode 'outputs' to avoid re-running this script phase.\necho \"SUCCESS\" > \"${SCRIPT_OUTPUT_FILE_0}\"\n";
			showEnvVarsInLog = 0;
		};
		BAAE811C708090531F3902BE /* [CP] Embed Pods Frameworks */ = {
			isa = PBXShellScriptBuildPhase;
			buildActionMask = 2147483647;
			files = (
			);
			inputPaths = (
				"${SRCROOT}/Pods/Target Support Files/Pods-OCR/Pods-OCR-frameworks.sh",
				"${BUILT_PRODUCTS_DIR}/TesseractOCRiOS/TesseractOCR.framework",
			);
			name = "[CP] Embed Pods Frameworks";
			outputPaths = (
				"${TARGET_BUILD_DIR}/${FRAMEWORKS_FOLDER_PATH}/TesseractOCR.framework",
			);
			runOnlyForDeploymentPostprocessing = 0;
			shellPath = /bin/sh;
			shellScript = "\"${SRCROOT}/Pods/Target Support Files/Pods-OCR/Pods-OCR-frameworks.sh\"\n";
			showEnvVarsInLog = 0;
		};
		CC8C1A190EE0106F3F0866C0 /* [CP] Copy Pods Resources */ = {
			isa = PBXShellScriptBuildPhase;
			buildActionMask = 2147483647;
			files = (
			);
			inputPaths = (
			);
			name = "[CP] Copy Pods Resources";
			outputPaths = (
			);
			runOnlyForDeploymentPostprocessing = 0;
			shellPath = /bin/sh;
			shellScript = "\"${SRCROOT}/Pods/Target Support Files/Pods-OCR/Pods-OCR-resources.sh\"\n";
			showEnvVarsInLog = 0;
		};
/* End PBXShellScriptBuildPhase section */

/* Begin PBXSourcesBuildPhase section */
		89CEF5E22046ED25000C1C4E /* Sources */ = {
			isa = PBXSourcesBuildPhase;
			buildActionMask = 2147483647;
			files = (
				8996F207208B96C00011A4B5 /* Realm.framework in Sources */,
				8996F208208B96C00011A4B5 /* RealmSwift.framework in Sources */,
				897DFEF52077E0C600B4BA39 /* CropView.swift in Sources */,
				89CEF61C2046F6C5000C1C4E /* Extentions.swift in Sources */,
				893C4B9C208BB2F00042FF3B /* TextContent.swift in Sources */,
				8996F20F208B9ED40011A4B5 /* DBManagaer.swift in Sources */,
				897DFEF22077E0C600B4BA39 /* CropViewController.swift in Sources */,
				89CEF5EC2046ED25000C1C4E /* ViewController.swift in Sources */,
				8996F20B208B99A50011A4B5 /* TextTableViewCell.swift in Sources */,
				89CEF5EA2046ED25000C1C4E /* AppDelegate.swift in Sources */,
				893C4B9F208BBBFF0042FF3B /* ContentViewController.swift in Sources */,
				89CEF6192046ED9F000C1C4E /* OCRViewController.swift in Sources */,
				897DFEF32077E0C600B4BA39 /* ResizeControl.swift in Sources */,
				897DFEF42077E0C600B4BA39 /* CropRectView.swift in Sources */,
				897DFEF62077E0C600B4BA39 /* UIImage+Crop.swift in Sources */,
			);
			runOnlyForDeploymentPostprocessing = 0;
		};
		89CEF5F62046ED25000C1C4E /* Sources */ = {
			isa = PBXSourcesBuildPhase;
			buildActionMask = 2147483647;
			files = (
				89CEF5FF2046ED25000C1C4E /* OCRTests.swift in Sources */,
			);
			runOnlyForDeploymentPostprocessing = 0;
		};
		89CEF6012046ED25000C1C4E /* Sources */ = {
			isa = PBXSourcesBuildPhase;
			buildActionMask = 2147483647;
			files = (
				89CEF60A2046ED25000C1C4E /* OCRUITests.swift in Sources */,
			);
			runOnlyForDeploymentPostprocessing = 0;
		};
/* End PBXSourcesBuildPhase section */

/* Begin PBXTargetDependency section */
		89CEF5FC2046ED25000C1C4E /* PBXTargetDependency */ = {
			isa = PBXTargetDependency;
			target = 89CEF5E52046ED25000C1C4E /* OCR */;
			targetProxy = 89CEF5FB2046ED25000C1C4E /* PBXContainerItemProxy */;
		};
		89CEF6072046ED25000C1C4E /* PBXTargetDependency */ = {
			isa = PBXTargetDependency;
			target = 89CEF5E52046ED25000C1C4E /* OCR */;
			targetProxy = 89CEF6062046ED25000C1C4E /* PBXContainerItemProxy */;
		};
/* End PBXTargetDependency section */

/* Begin PBXVariantGroup section */
		89CEF5ED2046ED25000C1C4E /* Main.storyboard */ = {
			isa = PBXVariantGroup;
			children = (
				89CEF5EE2046ED25000C1C4E /* Base */,
			);
			name = Main.storyboard;
			sourceTree = "<group>";
		};
		89CEF5F22046ED25000C1C4E /* LaunchScreen.storyboard */ = {
			isa = PBXVariantGroup;
			children = (
				89CEF5F32046ED25000C1C4E /* Base */,
			);
			name = LaunchScreen.storyboard;
			sourceTree = "<group>";
		};
/* End PBXVariantGroup section */

/* Begin XCBuildConfiguration section */
		89CEF60C2046ED25000C1C4E /* Debug */ = {
			isa = XCBuildConfiguration;
			buildSettings = {
				ALWAYS_SEARCH_USER_PATHS = NO;
				CLANG_ANALYZER_NONNULL = YES;
				CLANG_ANALYZER_NUMBER_OBJECT_CONVERSION = YES_AGGRESSIVE;
				CLANG_CXX_LANGUAGE_STANDARD = "gnu++14";
				CLANG_CXX_LIBRARY = "libc++";
				CLANG_ENABLE_MODULES = YES;
				CLANG_ENABLE_OBJC_ARC = YES;
				CLANG_WARN_BLOCK_CAPTURE_AUTORELEASING = YES;
				CLANG_WARN_BOOL_CONVERSION = YES;
				CLANG_WARN_COMMA = YES;
				CLANG_WARN_CONSTANT_CONVERSION = YES;
				CLANG_WARN_DIRECT_OBJC_ISA_USAGE = YES_ERROR;
				CLANG_WARN_DOCUMENTATION_COMMENTS = YES;
				CLANG_WARN_EMPTY_BODY = YES;
				CLANG_WARN_ENUM_CONVERSION = YES;
				CLANG_WARN_INFINITE_RECURSION = YES;
				CLANG_WARN_INT_CONVERSION = YES;
				CLANG_WARN_NON_LITERAL_NULL_CONVERSION = YES;
				CLANG_WARN_OBJC_LITERAL_CONVERSION = YES;
				CLANG_WARN_OBJC_ROOT_CLASS = YES_ERROR;
				CLANG_WARN_RANGE_LOOP_ANALYSIS = YES;
				CLANG_WARN_STRICT_PROTOTYPES = YES;
				CLANG_WARN_SUSPICIOUS_MOVE = YES;
				CLANG_WARN_UNGUARDED_AVAILABILITY = YES_AGGRESSIVE;
				CLANG_WARN_UNREACHABLE_CODE = YES;
				CLANG_WARN__DUPLICATE_METHOD_MATCH = YES;
				CODE_SIGN_IDENTITY = "iPhone Developer";
				COPY_PHASE_STRIP = NO;
				DEBUG_INFORMATION_FORMAT = dwarf;
				ENABLE_STRICT_OBJC_MSGSEND = YES;
				ENABLE_TESTABILITY = YES;
				GCC_C_LANGUAGE_STANDARD = gnu11;
				GCC_DYNAMIC_NO_PIC = NO;
				GCC_NO_COMMON_BLOCKS = YES;
				GCC_OPTIMIZATION_LEVEL = 0;
				GCC_PREPROCESSOR_DEFINITIONS = (
					"DEBUG=1",
					"$(inherited)",
				);
				GCC_WARN_64_TO_32_BIT_CONVERSION = YES;
				GCC_WARN_ABOUT_RETURN_TYPE = YES_ERROR;
				GCC_WARN_UNDECLARED_SELECTOR = YES;
				GCC_WARN_UNINITIALIZED_AUTOS = YES_AGGRESSIVE;
				GCC_WARN_UNUSED_FUNCTION = YES;
				GCC_WARN_UNUSED_VARIABLE = YES;
				IPHONEOS_DEPLOYMENT_TARGET = 11.2;
				MTL_ENABLE_DEBUG_INFO = YES;
				ONLY_ACTIVE_ARCH = YES;
				SDKROOT = iphoneos;
				SWIFT_ACTIVE_COMPILATION_CONDITIONS = DEBUG;
				SWIFT_OPTIMIZATION_LEVEL = "-Onone";
			};
			name = Debug;
		};
		89CEF60D2046ED25000C1C4E /* Release */ = {
			isa = XCBuildConfiguration;
			buildSettings = {
				ALWAYS_SEARCH_USER_PATHS = NO;
				CLANG_ANALYZER_NONNULL = YES;
				CLANG_ANALYZER_NUMBER_OBJECT_CONVERSION = YES_AGGRESSIVE;
				CLANG_CXX_LANGUAGE_STANDARD = "gnu++14";
				CLANG_CXX_LIBRARY = "libc++";
				CLANG_ENABLE_MODULES = YES;
				CLANG_ENABLE_OBJC_ARC = YES;
				CLANG_WARN_BLOCK_CAPTURE_AUTORELEASING = YES;
				CLANG_WARN_BOOL_CONVERSION = YES;
				CLANG_WARN_COMMA = YES;
				CLANG_WARN_CONSTANT_CONVERSION = YES;
				CLANG_WARN_DIRECT_OBJC_ISA_USAGE = YES_ERROR;
				CLANG_WARN_DOCUMENTATION_COMMENTS = YES;
				CLANG_WARN_EMPTY_BODY = YES;
				CLANG_WARN_ENUM_CONVERSION = YES;
				CLANG_WARN_INFINITE_RECURSION = YES;
				CLANG_WARN_INT_CONVERSION = YES;
				CLANG_WARN_NON_LITERAL_NULL_CONVERSION = YES;
				CLANG_WARN_OBJC_LITERAL_CONVERSION = YES;
				CLANG_WARN_OBJC_ROOT_CLASS = YES_ERROR;
				CLANG_WARN_RANGE_LOOP_ANALYSIS = YES;
				CLANG_WARN_STRICT_PROTOTYPES = YES;
				CLANG_WARN_SUSPICIOUS_MOVE = YES;
				CLANG_WARN_UNGUARDED_AVAILABILITY = YES_AGGRESSIVE;
				CLANG_WARN_UNREACHABLE_CODE = YES;
				CLANG_WARN__DUPLICATE_METHOD_MATCH = YES;
				CODE_SIGN_IDENTITY = "iPhone Developer";
				COPY_PHASE_STRIP = NO;
				DEBUG_INFORMATION_FORMAT = "dwarf-with-dsym";
				ENABLE_NS_ASSERTIONS = NO;
				ENABLE_STRICT_OBJC_MSGSEND = YES;
				GCC_C_LANGUAGE_STANDARD = gnu11;
				GCC_NO_COMMON_BLOCKS = YES;
				GCC_WARN_64_TO_32_BIT_CONVERSION = YES;
				GCC_WARN_ABOUT_RETURN_TYPE = YES_ERROR;
				GCC_WARN_UNDECLARED_SELECTOR = YES;
				GCC_WARN_UNINITIALIZED_AUTOS = YES_AGGRESSIVE;
				GCC_WARN_UNUSED_FUNCTION = YES;
				GCC_WARN_UNUSED_VARIABLE = YES;
				IPHONEOS_DEPLOYMENT_TARGET = 11.2;
				MTL_ENABLE_DEBUG_INFO = NO;
				SDKROOT = iphoneos;
				SWIFT_OPTIMIZATION_LEVEL = "-Owholemodule";
				VALIDATE_PRODUCT = YES;
			};
			name = Release;
		};
		89CEF60F2046ED25000C1C4E /* Debug */ = {
			isa = XCBuildConfiguration;
			baseConfigurationReference = 58D5A9B08D0C503E688204F5 /* Pods-OCR.debug.xcconfig */;
			buildSettings = {
				ALWAYS_EMBED_SWIFT_STANDARD_LIBRARIES = YES;
				ASSETCATALOG_COMPILER_APPICON_NAME = AppIcon;
				CODE_SIGN_STYLE = Automatic;
				DEVELOPMENT_TEAM = 688A5ZS9PE;
				ENABLE_BITCODE = NO;
				FRAMEWORK_SEARCH_PATHS = (
					"$(inherited)",
					"$(PROJECT_DIR)",
				);
				INFOPLIST_FILE = OCR/Info.plist;
				LD_RUNPATH_SEARCH_PATHS = "$(inherited) @executable_path/Frameworks";
				PRODUCT_BUNDLE_IDENTIFIER = shohag.ocr;
				PRODUCT_NAME = "$(TARGET_NAME)";
				SWIFT_VERSION = 4.0;
				TARGETED_DEVICE_FAMILY = "1,2";
			};
			name = Debug;
		};
		89CEF6102046ED25000C1C4E /* Release */ = {
			isa = XCBuildConfiguration;
			baseConfigurationReference = 3BE60910FA7CC12DCF40C676 /* Pods-OCR.release.xcconfig */;
			buildSettings = {
				ALWAYS_EMBED_SWIFT_STANDARD_LIBRARIES = YES;
				ASSETCATALOG_COMPILER_APPICON_NAME = AppIcon;
				CODE_SIGN_STYLE = Automatic;
				DEVELOPMENT_TEAM = 688A5ZS9PE;
				ENABLE_BITCODE = NO;
				FRAMEWORK_SEARCH_PATHS = (
					"$(inherited)",
					"$(PROJECT_DIR)",
				);
				INFOPLIST_FILE = OCR/Info.plist;
				LD_RUNPATH_SEARCH_PATHS = "$(inherited) @executable_path/Frameworks";
				PRODUCT_BUNDLE_IDENTIFIER = shohag.ocr;
				PRODUCT_NAME = "$(TARGET_NAME)";
				SWIFT_VERSION = 4.0;
				TARGETED_DEVICE_FAMILY = "1,2";
			};
			name = Release;
		};
		89CEF6122046ED25000C1C4E /* Debug */ = {
			isa = XCBuildConfiguration;
			buildSettings = {
				ALWAYS_EMBED_SWIFT_STANDARD_LIBRARIES = YES;
				BUNDLE_LOADER = "$(TEST_HOST)";
				CODE_SIGN_STYLE = Automatic;
				DEVELOPMENT_TEAM = 688A5ZS9PE;
				INFOPLIST_FILE = OCRTests/Info.plist;
				LD_RUNPATH_SEARCH_PATHS = "$(inherited) @executable_path/Frameworks @loader_path/Frameworks";
				PRODUCT_BUNDLE_IDENTIFIER = ocr.shohag.OCRTests;
				PRODUCT_NAME = "$(TARGET_NAME)";
				SWIFT_VERSION = 4.0;
				TARGETED_DEVICE_FAMILY = "1,2";
				TEST_HOST = "$(BUILT_PRODUCTS_DIR)/OCR.app/OCR";
			};
			name = Debug;
		};
		89CEF6132046ED25000C1C4E /* Release */ = {
			isa = XCBuildConfiguration;
			buildSettings = {
				ALWAYS_EMBED_SWIFT_STANDARD_LIBRARIES = YES;
				BUNDLE_LOADER = "$(TEST_HOST)";
				CODE_SIGN_STYLE = Automatic;
				DEVELOPMENT_TEAM = 688A5ZS9PE;
				INFOPLIST_FILE = OCRTests/Info.plist;
				LD_RUNPATH_SEARCH_PATHS = "$(inherited) @executable_path/Frameworks @loader_path/Frameworks";
				PRODUCT_BUNDLE_IDENTIFIER = ocr.shohag.OCRTests;
				PRODUCT_NAME = "$(TARGET_NAME)";
				SWIFT_VERSION = 4.0;
				TARGETED_DEVICE_FAMILY = "1,2";
				TEST_HOST = "$(BUILT_PRODUCTS_DIR)/OCR.app/OCR";
			};
			name = Release;
		};
		89CEF6152046ED25000C1C4E /* Debug */ = {
			isa = XCBuildConfiguration;
			buildSettings = {
				ALWAYS_EMBED_SWIFT_STANDARD_LIBRARIES = YES;
				CODE_SIGN_STYLE = Automatic;
				DEVELOPMENT_TEAM = 688A5ZS9PE;
				INFOPLIST_FILE = OCRUITests/Info.plist;
				LD_RUNPATH_SEARCH_PATHS = "$(inherited) @executable_path/Frameworks @loader_path/Frameworks";
				PRODUCT_BUNDLE_IDENTIFIER = ocr.shohag.OCRUITests;
				PRODUCT_NAME = "$(TARGET_NAME)";
				SWIFT_VERSION = 4.0;
				TARGETED_DEVICE_FAMILY = "1,2";
				TEST_TARGET_NAME = OCR;
			};
			name = Debug;
		};
		89CEF6162046ED25000C1C4E /* Release */ = {
			isa = XCBuildConfiguration;
			buildSettings = {
				ALWAYS_EMBED_SWIFT_STANDARD_LIBRARIES = YES;
				CODE_SIGN_STYLE = Automatic;
				DEVELOPMENT_TEAM = 688A5ZS9PE;
				INFOPLIST_FILE = OCRUITests/Info.plist;
				LD_RUNPATH_SEARCH_PATHS = "$(inherited) @executable_path/Frameworks @loader_path/Frameworks";
				PRODUCT_BUNDLE_IDENTIFIER = ocr.shohag.OCRUITests;
				PRODUCT_NAME = "$(TARGET_NAME)";
				SWIFT_VERSION = 4.0;
				TARGETED_DEVICE_FAMILY = "1,2";
				TEST_TARGET_NAME = OCR;
			};
			name = Release;
		};
/* End XCBuildConfiguration section */

/* Begin XCConfigurationList section */
		89CEF5E12046ED25000C1C4E /* Build configuration list for PBXProject "OCR" */ = {
			isa = XCConfigurationList;
			buildConfigurations = (
				89CEF60C2046ED25000C1C4E /* Debug */,
				89CEF60D2046ED25000C1C4E /* Release */,
			);
			defaultConfigurationIsVisible = 0;
			defaultConfigurationName = Release;
		};
		89CEF60E2046ED25000C1C4E /* Build configuration list for PBXNativeTarget "OCR" */ = {
			isa = XCConfigurationList;
			buildConfigurations = (
				89CEF60F2046ED25000C1C4E /* Debug */,
				89CEF6102046ED25000C1C4E /* Release */,
			);
			defaultConfigurationIsVisible = 0;
			defaultConfigurationName = Release;
		};
		89CEF6112046ED25000C1C4E /* Build configuration list for PBXNativeTarget "OCRTests" */ = {
			isa = XCConfigurationList;
			buildConfigurations = (
				89CEF6122046ED25000C1C4E /* Debug */,
				89CEF6132046ED25000C1C4E /* Release */,
			);
			defaultConfigurationIsVisible = 0;
			defaultConfigurationName = Release;
		};
		89CEF6142046ED25000C1C4E /* Build configuration list for PBXNativeTarget "OCRUITests" */ = {
			isa = XCConfigurationList;
			buildConfigurations = (
				89CEF6152046ED25000C1C4E /* Debug */,
				89CEF6162046ED25000C1C4E /* Release */,
			);
			defaultConfigurationIsVisible = 0;
			defaultConfigurationName = Release;
		};
/* End XCConfigurationList section */
	};
	rootObject = 89CEF5DE2046ED25000C1C4E /* Project object */;
}
